
Microsoft Visual Studio Solution File, Format Version 12.00
# Visual Studio Version 16
VisualStudioVersion = 16.0.29519.87
MinimumVisualStudioVersion = 10.0.40219.1
Project("{FAE04EC0-301F-11D3-BF4B-00C04F79EFBC}") = "01_HelloWorld!", "HelloWorld!\01_HelloWorld!.csproj", "{70D91D2D-7829-42BE-9535-93BFEAAEE538}"
EndProject
Project("{FAE04EC0-301F-11D3-BF4B-00C04F79EFBC}") = "WMI", "WMI\WMI.csproj", "{2F588694-EAEE-4DD3-ACE8-BFBA1F130C79}"
EndProject
Project("{FAE04EC0-301F-11D3-BF4B-00C04F79EFBC}") = "02_TypeBase", "BaseType\02_TypeBase.csproj", "{C1B410DF-CFE0-4E6C-B2D8-38589EE95228}"
EndProject
Project("{FAE04EC0-301F-11D3-BF4B-00C04F79EFBC}") = "DateTime", "DateTime\DateTime.csproj", "{236B5EF4-9207-435D-B0F9-7A6091AE7318}"
EndProject
Project("{FAE04EC0-301F-11D3-BF4B-00C04F79EFBC}") = "Thread", "Thread\Thread.csproj", "{707D40C1-0720-4B9D-BE8F-0B800AE1183D}"
EndProject
Project("{FAE04EC0-301F-11D3-BF4B-00C04F79EFBC}") = "05_Collections", "Collections\05_Collections.csproj", "{AA169694-AEED-4C99-914A-247C0C6573A8}"
EndProject
Project("{FAE04EC0-301F-11D3-BF4B-00C04F79EFBC}") = "06_TypeCreate", "Type\06_TypeCreate.csproj", "{5D4F3394-C5D9-480E-925A-31F46BF975F3}"
EndProject
Project("{FAE04EC0-301F-11D3-BF4B-00C04F79EFBC}") = "Generic", "Generic\Generic.csproj", "{3CC49337-A3D0-4F85-A8DC-4A88C458A3A4}"
EndProject
Project("{FAE04EC0-301F-11D3-BF4B-00C04F79EFBC}") = "Reflection", "Reflection\Reflection.csproj", "{ECCABF23-C197-4F76-B6AA-C1A1CA0E531F}"
EndProject
Project("{FAE04EC0-301F-11D3-BF4B-00C04F79EFBC}") = "FileStream", "FileStream\FileStream.csproj", "{2BD5191B-A385-4F17-8E5A-352955BEAB21}"
EndProject
Project("{FAE04EC0-301F-11D3-BF4B-00C04F79EFBC}") = "Linq", "Linq\Linq.csproj", "{E9D3BE36-2F7D-4085-9E1E-2EFA085169E7}"
EndProject
Project("{FAE04EC0-301F-11D3-BF4B-00C04F79EFBC}") = "Interface", "Interface\Interface.csproj", "{E2ACBC63-1C3A-4846-985D-351B808C4486}"
EndProject
Project("{2150E333-8FDC-42A3-9474-1A3956D46DE8}") = "Solution Items", "Solution Items", "{055F30D3-4C79-4FA8-AC18-3EF48D128C75}"
	ProjectSection(SolutionItems) = preProject
		NET.txt = NET.txt
	EndProjectSection
EndProject
Project("{9A19103F-16F7-4668-BE54-9A1E7A4F7556}") = "04_Conditional_operators", "Conditional_operators\04_Conditional_operators.csproj", "{F15B0722-C660-4D52-AE40-BACBEF01B000}"
EndProject
Project("{9A19103F-16F7-4668-BE54-9A1E7A4F7556}") = "IPCalculator", "IPCalculator\IPCalculator.csproj", "{E4332AC1-5E8C-4741-83A8-7B567F538805}"
EndProject
Project("{9A19103F-16F7-4668-BE54-9A1E7A4F7556}") = "OOP", "OOP\OOP.csproj", "{B6035311-4673-4F6C-90F0-684F85D231D1}"
EndProject
Project("{9A19103F-16F7-4668-BE54-9A1E7A4F7556}") = "03_Operators", "Operators\03_Operators.csproj", "{8000286A-7EFA-4A3D-964D-8A9160DD56EC}"
EndProject
Project("{9A19103F-16F7-4668-BE54-9A1E7A4F7556}") = "RegularExpression", "RegularExpression\RegularExpression.csproj", "{0EA99BEE-7B77-42CC-AC3D-63F9DCF45951}"
EndProject
Project("{FAE04EC0-301F-11D3-BF4B-00C04F79EFBC}") = "Patterns", "Patterns\Patterns.csproj", "{3ACFFC77-0130-413F-AE4C-99CF0FE08A4D}"
EndProject
Project("{FAE04EC0-301F-11D3-BF4B-00C04F79EFBC}") = "DelegateEvents", "DelegateEvents\DelegateEvents.csproj", "{00D18EAF-E492-4C0D-B442-9644A1A3CB3A}"
EndProject
Project("{9A19103F-16F7-4668-BE54-9A1E7A4F7556}") = "Diagnostic", "Diagnostic\Diagnostic.csproj", "{7A7D0E13-A930-40C9-A83C-A6D5AAE06549}"
EndProject
Project("{FAE04EC0-301F-11D3-BF4B-00C04F79EFBC}") = "XML", "XML\XML.csproj", "{15BA9FE6-7D25-455D-8922-63C9657635A4}"
EndProject
Project("{9A19103F-16F7-4668-BE54-9A1E7A4F7556}") = "JSON", "JSON\JSON.csproj", "{88AD4B9E-5EEF-4743-B75E-0FECA7C9AE10}"
EndProject
Project("{FAE04EC0-301F-11D3-BF4B-00C04F79EFBC}") = "TestTask", "TestTask\TestTask.csproj", "{B4A4F835-7A6C-4D6B-8215-3F85EE1B9DA8}"
EndProject
Global
	GlobalSection(SolutionConfigurationPlatforms) = preSolution
		Debug|Any CPU = Debug|Any CPU
		Debug|Mixed Platforms = Debug|Mixed Platforms
		Debug|Win32 = Debug|Win32
		Debug|x86 = Debug|x86
		Release|Any CPU = Release|Any CPU
		Release|Mixed Platforms = Release|Mixed Platforms
		Release|Win32 = Release|Win32
		Release|x86 = Release|x86
	EndGlobalSection
	GlobalSection(ProjectConfigurationPlatforms) = postSolution
		{70D91D2D-7829-42BE-9535-93BFEAAEE538}.Debug|Any CPU.ActiveCfg = Debug|x86
		{70D91D2D-7829-42BE-9535-93BFEAAEE538}.Debug|Mixed Platforms.ActiveCfg = Debug|x86
		{70D91D2D-7829-42BE-9535-93BFEAAEE538}.Debug|Mixed Platforms.Build.0 = Debug|x86
		{70D91D2D-7829-42BE-9535-93BFEAAEE538}.Debug|Win32.ActiveCfg = Debug|x86
		{70D91D2D-7829-42BE-9535-93BFEAAEE538}.Debug|x86.ActiveCfg = Debug|x86
		{70D91D2D-7829-42BE-9535-93BFEAAEE538}.Debug|x86.Build.0 = Debug|x86
		{70D91D2D-7829-42BE-9535-93BFEAAEE538}.Release|Any CPU.ActiveCfg = Release|x86
		{70D91D2D-7829-42BE-9535-93BFEAAEE538}.Release|Mixed Platforms.ActiveCfg = Release|x86
		{70D91D2D-7829-42BE-9535-93BFEAAEE538}.Release|Mixed Platforms.Build.0 = Release|x86
		{70D91D2D-7829-42BE-9535-93BFEAAEE538}.Release|Win32.ActiveCfg = Release|x86
		{70D91D2D-7829-42BE-9535-93BFEAAEE538}.Release|x86.ActiveCfg = Release|x86
		{70D91D2D-7829-42BE-9535-93BFEAAEE538}.Release|x86.Build.0 = Release|x86
		{2F588694-EAEE-4DD3-ACE8-BFBA1F130C79}.Debug|Any CPU.ActiveCfg = Debug|x86
		{2F588694-EAEE-4DD3-ACE8-BFBA1F130C79}.Debug|Mixed Platforms.ActiveCfg = Debug|x86
		{2F588694-EAEE-4DD3-ACE8-BFBA1F130C79}.Debug|Mixed Platforms.Build.0 = Debug|x86
		{2F588694-EAEE-4DD3-ACE8-BFBA1F130C79}.Debug|Win32.ActiveCfg = Debug|x86
		{2F588694-EAEE-4DD3-ACE8-BFBA1F130C79}.Debug|x86.ActiveCfg = Debug|x86
		{2F588694-EAEE-4DD3-ACE8-BFBA1F130C79}.Debug|x86.Build.0 = Debug|x86
		{2F588694-EAEE-4DD3-ACE8-BFBA1F130C79}.Release|Any CPU.ActiveCfg = Release|x86
		{2F588694-EAEE-4DD3-ACE8-BFBA1F130C79}.Release|Mixed Platforms.ActiveCfg = Release|x86
		{2F588694-EAEE-4DD3-ACE8-BFBA1F130C79}.Release|Mixed Platforms.Build.0 = Release|x86
		{2F588694-EAEE-4DD3-ACE8-BFBA1F130C79}.Release|Win32.ActiveCfg = Release|x86
		{2F588694-EAEE-4DD3-ACE8-BFBA1F130C79}.Release|x86.ActiveCfg = Release|x86
		{2F588694-EAEE-4DD3-ACE8-BFBA1F130C79}.Release|x86.Build.0 = Release|x86
		{C1B410DF-CFE0-4E6C-B2D8-38589EE95228}.Debug|Any CPU.ActiveCfg = Debug|x86
		{C1B410DF-CFE0-4E6C-B2D8-38589EE95228}.Debug|Mixed Platforms.ActiveCfg = Debug|x86
		{C1B410DF-CFE0-4E6C-B2D8-38589EE95228}.Debug|Mixed Platforms.Build.0 = Debug|x86
		{C1B410DF-CFE0-4E6C-B2D8-38589EE95228}.Debug|Win32.ActiveCfg = Debug|x86
		{C1B410DF-CFE0-4E6C-B2D8-38589EE95228}.Debug|x86.ActiveCfg = Debug|x86
		{C1B410DF-CFE0-4E6C-B2D8-38589EE95228}.Debug|x86.Build.0 = Debug|x86
		{C1B410DF-CFE0-4E6C-B2D8-38589EE95228}.Release|Any CPU.ActiveCfg = Release|x86
		{C1B410DF-CFE0-4E6C-B2D8-38589EE95228}.Release|Mixed Platforms.ActiveCfg = Release|x86
		{C1B410DF-CFE0-4E6C-B2D8-38589EE95228}.Release|Mixed Platforms.Build.0 = Release|x86
		{C1B410DF-CFE0-4E6C-B2D8-38589EE95228}.Release|Win32.ActiveCfg = Release|x86
		{C1B410DF-CFE0-4E6C-B2D8-38589EE95228}.Release|x86.ActiveCfg = Release|x86
		{C1B410DF-CFE0-4E6C-B2D8-38589EE95228}.Release|x86.Build.0 = Release|x86
		{236B5EF4-9207-435D-B0F9-7A6091AE7318}.Debug|Any CPU.ActiveCfg = Debug|x86
		{236B5EF4-9207-435D-B0F9-7A6091AE7318}.Debug|Mixed Platforms.ActiveCfg = Debug|x86
		{236B5EF4-9207-435D-B0F9-7A6091AE7318}.Debug|Mixed Platforms.Build.0 = Debug|x86
		{236B5EF4-9207-435D-B0F9-7A6091AE7318}.Debug|Win32.ActiveCfg = Debug|x86
		{236B5EF4-9207-435D-B0F9-7A6091AE7318}.Debug|x86.ActiveCfg = Debug|x86
		{236B5EF4-9207-435D-B0F9-7A6091AE7318}.Debug|x86.Build.0 = Debug|x86
		{236B5EF4-9207-435D-B0F9-7A6091AE7318}.Release|Any CPU.ActiveCfg = Release|x86
		{236B5EF4-9207-435D-B0F9-7A6091AE7318}.Release|Mixed Platforms.ActiveCfg = Release|x86
		{236B5EF4-9207-435D-B0F9-7A6091AE7318}.Release|Mixed Platforms.Build.0 = Release|x86
		{236B5EF4-9207-435D-B0F9-7A6091AE7318}.Release|Win32.ActiveCfg = Release|x86
		{236B5EF4-9207-435D-B0F9-7A6091AE7318}.Release|x86.ActiveCfg = Release|x86
		{236B5EF4-9207-435D-B0F9-7A6091AE7318}.Release|x86.Build.0 = Release|x86
		{707D40C1-0720-4B9D-BE8F-0B800AE1183D}.Debug|Any CPU.ActiveCfg = Debug|x86
		{707D40C1-0720-4B9D-BE8F-0B800AE1183D}.Debug|Mixed Platforms.ActiveCfg = Debug|x86
		{707D40C1-0720-4B9D-BE8F-0B800AE1183D}.Debug|Mixed Platforms.Build.0 = Debug|x86
		{707D40C1-0720-4B9D-BE8F-0B800AE1183D}.Debug|Win32.ActiveCfg = Debug|x86
		{707D40C1-0720-4B9D-BE8F-0B800AE1183D}.Debug|x86.ActiveCfg = Debug|x86
		{707D40C1-0720-4B9D-BE8F-0B800AE1183D}.Debug|x86.Build.0 = Debug|x86
		{707D40C1-0720-4B9D-BE8F-0B800AE1183D}.Release|Any CPU.ActiveCfg = Release|x86
		{707D40C1-0720-4B9D-BE8F-0B800AE1183D}.Release|Mixed Platforms.ActiveCfg = Release|x86
		{707D40C1-0720-4B9D-BE8F-0B800AE1183D}.Release|Mixed Platforms.Build.0 = Release|x86
		{707D40C1-0720-4B9D-BE8F-0B800AE1183D}.Release|Win32.ActiveCfg = Release|x86
		{707D40C1-0720-4B9D-BE8F-0B800AE1183D}.Release|x86.ActiveCfg = Release|x86
		{707D40C1-0720-4B9D-BE8F-0B800AE1183D}.Release|x86.Build.0 = Release|x86
		{AA169694-AEED-4C99-914A-247C0C6573A8}.Debug|Any CPU.ActiveCfg = Debug|x86
		{AA169694-AEED-4C99-914A-247C0C6573A8}.Debug|Mixed Platforms.ActiveCfg = Debug|x86
		{AA169694-AEED-4C99-914A-247C0C6573A8}.Debug|Mixed Platforms.Build.0 = Debug|x86
		{AA169694-AEED-4C99-914A-247C0C6573A8}.Debug|Win32.ActiveCfg = Debug|x86
		{AA169694-AEED-4C99-914A-247C0C6573A8}.Debug|x86.ActiveCfg = Debug|x86
		{AA169694-AEED-4C99-914A-247C0C6573A8}.Debug|x86.Build.0 = Debug|x86
		{AA169694-AEED-4C99-914A-247C0C6573A8}.Release|Any CPU.ActiveCfg = Release|x86
		{AA169694-AEED-4C99-914A-247C0C6573A8}.Release|Mixed Platforms.ActiveCfg = Release|x86
		{AA169694-AEED-4C99-914A-247C0C6573A8}.Release|Mixed Platforms.Build.0 = Release|x86
		{AA169694-AEED-4C99-914A-247C0C6573A8}.Release|Win32.ActiveCfg = Release|x86
		{AA169694-AEED-4C99-914A-247C0C6573A8}.Release|x86.ActiveCfg = Release|x86
		{AA169694-AEED-4C99-914A-247C0C6573A8}.Release|x86.Build.0 = Release|x86
		{5D4F3394-C5D9-480E-925A-31F46BF975F3}.Debug|Any CPU.ActiveCfg = Debug|x86
		{5D4F3394-C5D9-480E-925A-31F46BF975F3}.Debug|Mixed Platforms.ActiveCfg = Debug|x86
		{5D4F3394-C5D9-480E-925A-31F46BF975F3}.Debug|Mixed Platforms.Build.0 = Debug|x86
		{5D4F3394-C5D9-480E-925A-31F46BF975F3}.Debug|Win32.ActiveCfg = Debug|x86
		{5D4F3394-C5D9-480E-925A-31F46BF975F3}.Debug|x86.ActiveCfg = Debug|x86
		{5D4F3394-C5D9-480E-925A-31F46BF975F3}.Debug|x86.Build.0 = Debug|x86
		{5D4F3394-C5D9-480E-925A-31F46BF975F3}.Release|Any CPU.ActiveCfg = Release|x86
		{5D4F3394-C5D9-480E-925A-31F46BF975F3}.Release|Mixed Platforms.ActiveCfg = Release|x86
		{5D4F3394-C5D9-480E-925A-31F46BF975F3}.Release|Mixed Platforms.Build.0 = Release|x86
		{5D4F3394-C5D9-480E-925A-31F46BF975F3}.Release|Win32.ActiveCfg = Release|x86
		{5D4F3394-C5D9-480E-925A-31F46BF975F3}.Release|x86.ActiveCfg = Release|x86
		{5D4F3394-C5D9-480E-925A-31F46BF975F3}.Release|x86.Build.0 = Release|x86
		{3CC49337-A3D0-4F85-A8DC-4A88C458A3A4}.Debug|Any CPU.ActiveCfg = Debug|x86
		{3CC49337-A3D0-4F85-A8DC-4A88C458A3A4}.Debug|Mixed Platforms.ActiveCfg = Debug|x86
		{3CC49337-A3D0-4F85-A8DC-4A88C458A3A4}.Debug|Mixed Platforms.Build.0 = Debug|x86
		{3CC49337-A3D0-4F85-A8DC-4A88C458A3A4}.Debug|Win32.ActiveCfg = Debug|x86
		{3CC49337-A3D0-4F85-A8DC-4A88C458A3A4}.Debug|x86.ActiveCfg = Debug|x86
		{3CC49337-A3D0-4F85-A8DC-4A88C458A3A4}.Debug|x86.Build.0 = Debug|x86
		{3CC49337-A3D0-4F85-A8DC-4A88C458A3A4}.Release|Any CPU.ActiveCfg = Release|x86
		{3CC49337-A3D0-4F85-A8DC-4A88C458A3A4}.Release|Mixed Platforms.ActiveCfg = Release|x86
		{3CC49337-A3D0-4F85-A8DC-4A88C458A3A4}.Release|Mixed Platforms.Build.0 = Release|x86
		{3CC49337-A3D0-4F85-A8DC-4A88C458A3A4}.Release|Win32.ActiveCfg = Release|x86
		{3CC49337-A3D0-4F85-A8DC-4A88C458A3A4}.Release|x86.ActiveCfg = Release|x86
		{3CC49337-A3D0-4F85-A8DC-4A88C458A3A4}.Release|x86.Build.0 = Release|x86
		{ECCABF23-C197-4F76-B6AA-C1A1CA0E531F}.Debug|Any CPU.ActiveCfg = Debug|x86
		{ECCABF23-C197-4F76-B6AA-C1A1CA0E531F}.Debug|Mixed Platforms.ActiveCfg = Debug|x86
		{ECCABF23-C197-4F76-B6AA-C1A1CA0E531F}.Debug|Mixed Platforms.Build.0 = Debug|x86
		{ECCABF23-C197-4F76-B6AA-C1A1CA0E531F}.Debug|Win32.ActiveCfg = Debug|x86
		{ECCABF23-C197-4F76-B6AA-C1A1CA0E531F}.Debug|x86.ActiveCfg = Debug|x86
		{ECCABF23-C197-4F76-B6AA-C1A1CA0E531F}.Debug|x86.Build.0 = Debug|x86
		{ECCABF23-C197-4F76-B6AA-C1A1CA0E531F}.Release|Any CPU.ActiveCfg = Release|x86
		{ECCABF23-C197-4F76-B6AA-C1A1CA0E531F}.Release|Mixed Platforms.ActiveCfg = Release|x86
		{ECCABF23-C197-4F76-B6AA-C1A1CA0E531F}.Release|Mixed Platforms.Build.0 = Release|x86
		{ECCABF23-C197-4F76-B6AA-C1A1CA0E531F}.Release|Win32.ActiveCfg = Release|x86
		{ECCABF23-C197-4F76-B6AA-C1A1CA0E531F}.Release|x86.ActiveCfg = Release|x86
		{ECCABF23-C197-4F76-B6AA-C1A1CA0E531F}.Release|x86.Build.0 = Release|x86
		{2BD5191B-A385-4F17-8E5A-352955BEAB21}.Debug|Any CPU.ActiveCfg = Debug|x86
		{2BD5191B-A385-4F17-8E5A-352955BEAB21}.Debug|Mixed Platforms.ActiveCfg = Debug|x86
		{2BD5191B-A385-4F17-8E5A-352955BEAB21}.Debug|Mixed Platforms.Build.0 = Debug|x86
		{2BD5191B-A385-4F17-8E5A-352955BEAB21}.Debug|Win32.ActiveCfg = Debug|x86
		{2BD5191B-A385-4F17-8E5A-352955BEAB21}.Debug|x86.ActiveCfg = Debug|x86
		{2BD5191B-A385-4F17-8E5A-352955BEAB21}.Debug|x86.Build.0 = Debug|x86
		{2BD5191B-A385-4F17-8E5A-352955BEAB21}.Release|Any CPU.ActiveCfg = Release|x86
		{2BD5191B-A385-4F17-8E5A-352955BEAB21}.Release|Mixed Platforms.ActiveCfg = Release|x86
		{2BD5191B-A385-4F17-8E5A-352955BEAB21}.Release|Mixed Platforms.Build.0 = Release|x86
		{2BD5191B-A385-4F17-8E5A-352955BEAB21}.Release|Win32.ActiveCfg = Release|x86
		{2BD5191B-A385-4F17-8E5A-352955BEAB21}.Release|x86.ActiveCfg = Release|x86
		{2BD5191B-A385-4F17-8E5A-352955BEAB21}.Release|x86.Build.0 = Release|x86
		{E9D3BE36-2F7D-4085-9E1E-2EFA085169E7}.Debug|Any CPU.ActiveCfg = Debug|x86
		{E9D3BE36-2F7D-4085-9E1E-2EFA085169E7}.Debug|Mixed Platforms.ActiveCfg = Debug|x86
		{E9D3BE36-2F7D-4085-9E1E-2EFA085169E7}.Debug|Mixed Platforms.Build.0 = Debug|x86
		{E9D3BE36-2F7D-4085-9E1E-2EFA085169E7}.Debug|Win32.ActiveCfg = Debug|x86
		{E9D3BE36-2F7D-4085-9E1E-2EFA085169E7}.Debug|x86.ActiveCfg = Debug|x86
		{E9D3BE36-2F7D-4085-9E1E-2EFA085169E7}.Debug|x86.Build.0 = Debug|x86
		{E9D3BE36-2F7D-4085-9E1E-2EFA085169E7}.Release|Any CPU.ActiveCfg = Release|x86
		{E9D3BE36-2F7D-4085-9E1E-2EFA085169E7}.Release|Mixed Platforms.ActiveCfg = Release|x86
		{E9D3BE36-2F7D-4085-9E1E-2EFA085169E7}.Release|Mixed Platforms.Build.0 = Release|x86
		{E9D3BE36-2F7D-4085-9E1E-2EFA085169E7}.Release|Win32.ActiveCfg = Release|x86
		{E9D3BE36-2F7D-4085-9E1E-2EFA085169E7}.Release|x86.ActiveCfg = Release|x86
		{E9D3BE36-2F7D-4085-9E1E-2EFA085169E7}.Release|x86.Build.0 = Release|x86
		{E2ACBC63-1C3A-4846-985D-351B808C4486}.Debug|Any CPU.ActiveCfg = Debug|x86
		{E2ACBC63-1C3A-4846-985D-351B808C4486}.Debug|Mixed Platforms.ActiveCfg = Debug|x86
		{E2ACBC63-1C3A-4846-985D-351B808C4486}.Debug|Mixed Platforms.Build.0 = Debug|x86
		{E2ACBC63-1C3A-4846-985D-351B808C4486}.Debug|Win32.ActiveCfg = Debug|x86
		{E2ACBC63-1C3A-4846-985D-351B808C4486}.Debug|x86.ActiveCfg = Debug|x86
		{E2ACBC63-1C3A-4846-985D-351B808C4486}.Debug|x86.Build.0 = Debug|x86
		{E2ACBC63-1C3A-4846-985D-351B808C4486}.Release|Any CPU.ActiveCfg = Release|x86
		{E2ACBC63-1C3A-4846-985D-351B808C4486}.Release|Mixed Platforms.ActiveCfg = Release|x86
		{E2ACBC63-1C3A-4846-985D-351B808C4486}.Release|Mixed Platforms.Build.0 = Release|x86
		{E2ACBC63-1C3A-4846-985D-351B808C4486}.Release|Win32.ActiveCfg = Release|x86
		{E2ACBC63-1C3A-4846-985D-351B808C4486}.Release|x86.ActiveCfg = Release|x86
		{E2ACBC63-1C3A-4846-985D-351B808C4486}.Release|x86.Build.0 = Release|x86
		{F15B0722-C660-4D52-AE40-BACBEF01B000}.Debug|Any CPU.ActiveCfg = Debug|Any CPU
		{F15B0722-C660-4D52-AE40-BACBEF01B000}.Debug|Any CPU.Build.0 = Debug|Any CPU
		{F15B0722-C660-4D52-AE40-BACBEF01B000}.Debug|Mixed Platforms.ActiveCfg = Debug|Any CPU
		{F15B0722-C660-4D52-AE40-BACBEF01B000}.Debug|Mixed Platforms.Build.0 = Debug|Any CPU
		{F15B0722-C660-4D52-AE40-BACBEF01B000}.Debug|Win32.ActiveCfg = Debug|Any CPU
		{F15B0722-C660-4D52-AE40-BACBEF01B000}.Debug|Win32.Build.0 = Debug|Any CPU
		{F15B0722-C660-4D52-AE40-BACBEF01B000}.Debug|x86.ActiveCfg = Debug|Any CPU
		{F15B0722-C660-4D52-AE40-BACBEF01B000}.Debug|x86.Build.0 = Debug|Any CPU
		{F15B0722-C660-4D52-AE40-BACBEF01B000}.Release|Any CPU.ActiveCfg = Release|Any CPU
		{F15B0722-C660-4D52-AE40-BACBEF01B000}.Release|Any CPU.Build.0 = Release|Any CPU
		{F15B0722-C660-4D52-AE40-BACBEF01B000}.Release|Mixed Platforms.ActiveCfg = Release|Any CPU
		{F15B0722-C660-4D52-AE40-BACBEF01B000}.Release|Mixed Platforms.Build.0 = Release|Any CPU
		{F15B0722-C660-4D52-AE40-BACBEF01B000}.Release|Win32.ActiveCfg = Release|Any CPU
		{F15B0722-C660-4D52-AE40-BACBEF01B000}.Release|Win32.Build.0 = Release|Any CPU
		{F15B0722-C660-4D52-AE40-BACBEF01B000}.Release|x86.ActiveCfg = Release|Any CPU
		{F15B0722-C660-4D52-AE40-BACBEF01B000}.Release|x86.Build.0 = Release|Any CPU
		{E4332AC1-5E8C-4741-83A8-7B567F538805}.Debug|Any CPU.ActiveCfg = Debug|Any CPU
		{E4332AC1-5E8C-4741-83A8-7B567F538805}.Debug|Any CPU.Build.0 = Debug|Any CPU
		{E4332AC1-5E8C-4741-83A8-7B567F538805}.Debug|Mixed Platforms.ActiveCfg = Debug|Any CPU
		{E4332AC1-5E8C-4741-83A8-7B567F538805}.Debug|Mixed Platforms.Build.0 = Debug|Any CPU
		{E4332AC1-5E8C-4741-83A8-7B567F538805}.Debug|Win32.ActiveCfg = Debug|Any CPU
		{E4332AC1-5E8C-4741-83A8-7B567F538805}.Debug|Win32.Build.0 = Debug|Any CPU
		{E4332AC1-5E8C-4741-83A8-7B567F538805}.Debug|x86.ActiveCfg = Debug|Any CPU
		{E4332AC1-5E8C-4741-83A8-7B567F538805}.Debug|x86.Build.0 = Debug|Any CPU
		{E4332AC1-5E8C-4741-83A8-7B567F538805}.Release|Any CPU.ActiveCfg = Release|Any CPU
		{E4332AC1-5E8C-4741-83A8-7B567F538805}.Release|Any CPU.Build.0 = Release|Any CPU
		{E4332AC1-5E8C-4741-83A8-7B567F538805}.Release|Mixed Platforms.ActiveCfg = Release|Any CPU
		{E4332AC1-5E8C-4741-83A8-7B567F538805}.Release|Mixed Platforms.Build.0 = Release|Any CPU
		{E4332AC1-5E8C-4741-83A8-7B567F538805}.Release|Win32.ActiveCfg = Release|Any CPU
		{E4332AC1-5E8C-4741-83A8-7B567F538805}.Release|Win32.Build.0 = Release|Any CPU
		{E4332AC1-5E8C-4741-83A8-7B567F538805}.Release|x86.ActiveCfg = Release|Any CPU
		{E4332AC1-5E8C-4741-83A8-7B567F538805}.Release|x86.Build.0 = Release|Any CPU
		{B6035311-4673-4F6C-90F0-684F85D231D1}.Debug|Any CPU.ActiveCfg = Debug|Any CPU
		{B6035311-4673-4F6C-90F0-684F85D231D1}.Debug|Any CPU.Build.0 = Debug|Any CPU
		{B6035311-4673-4F6C-90F0-684F85D231D1}.Debug|Mixed Platforms.ActiveCfg = Debug|Any CPU
		{B6035311-4673-4F6C-90F0-684F85D231D1}.Debug|Mixed Platforms.Build.0 = Debug|Any CPU
		{B6035311-4673-4F6C-90F0-684F85D231D1}.Debug|Win32.ActiveCfg = Debug|Any CPU
		{B6035311-4673-4F6C-90F0-684F85D231D1}.Debug|Win32.Build.0 = Debug|Any CPU
		{B6035311-4673-4F6C-90F0-684F85D231D1}.Debug|x86.ActiveCfg = Debug|Any CPU
		{B6035311-4673-4F6C-90F0-684F85D231D1}.Debug|x86.Build.0 = Debug|Any CPU
		{B6035311-4673-4F6C-90F0-684F85D231D1}.Release|Any CPU.ActiveCfg = Release|Any CPU
		{B6035311-4673-4F6C-90F0-684F85D231D1}.Release|Any CPU.Build.0 = Release|Any CPU
		{B6035311-4673-4F6C-90F0-684F85D231D1}.Release|Mixed Platforms.ActiveCfg = Release|Any CPU
		{B6035311-4673-4F6C-90F0-684F85D231D1}.Release|Mixed Platforms.Build.0 = Release|Any CPU
		{B6035311-4673-4F6C-90F0-684F85D231D1}.Release|Win32.ActiveCfg = Release|Any CPU
		{B6035311-4673-4F6C-90F0-684F85D231D1}.Release|Win32.Build.0 = Release|Any CPU
		{B6035311-4673-4F6C-90F0-684F85D231D1}.Release|x86.ActiveCfg = Release|Any CPU
		{B6035311-4673-4F6C-90F0-684F85D231D1}.Release|x86.Build.0 = Release|Any CPU
		{8000286A-7EFA-4A3D-964D-8A9160DD56EC}.Debug|Any CPU.ActiveCfg = Debug|Any CPU
		{8000286A-7EFA-4A3D-964D-8A9160DD56EC}.Debug|Any CPU.Build.0 = Debug|Any CPU
		{8000286A-7EFA-4A3D-964D-8A9160DD56EC}.Debug|Mixed Platforms.ActiveCfg = Debug|Any CPU
		{8000286A-7EFA-4A3D-964D-8A9160DD56EC}.Debug|Mixed Platforms.Build.0 = Debug|Any CPU
		{8000286A-7EFA-4A3D-964D-8A9160DD56EC}.Debug|Win32.ActiveCfg = Debug|Any CPU
		{8000286A-7EFA-4A3D-964D-8A9160DD56EC}.Debug|Win32.Build.0 = Debug|Any CPU
		{8000286A-7EFA-4A3D-964D-8A9160DD56EC}.Debug|x86.ActiveCfg = Debug|Any CPU
		{8000286A-7EFA-4A3D-964D-8A9160DD56EC}.Debug|x86.Build.0 = Debug|Any CPU
		{8000286A-7EFA-4A3D-964D-8A9160DD56EC}.Release|Any CPU.ActiveCfg = Release|Any CPU
		{8000286A-7EFA-4A3D-964D-8A9160DD56EC}.Release|Any CPU.Build.0 = Release|Any CPU
		{8000286A-7EFA-4A3D-964D-8A9160DD56EC}.Release|Mixed Platforms.ActiveCfg = Release|Any CPU
		{8000286A-7EFA-4A3D-964D-8A9160DD56EC}.Release|Mixed Platforms.Build.0 = Release|Any CPU
		{8000286A-7EFA-4A3D-964D-8A9160DD56EC}.Release|Win32.ActiveCfg = Release|Any CPU
		{8000286A-7EFA-4A3D-964D-8A9160DD56EC}.Release|Win32.Build.0 = Release|Any CPU
		{8000286A-7EFA-4A3D-964D-8A9160DD56EC}.Release|x86.ActiveCfg = Release|Any CPU
		{8000286A-7EFA-4A3D-964D-8A9160DD56EC}.Release|x86.Build.0 = Release|Any CPU
		{0EA99BEE-7B77-42CC-AC3D-63F9DCF45951}.Debug|Any CPU.ActiveCfg = Debug|Any CPU
		{0EA99BEE-7B77-42CC-AC3D-63F9DCF45951}.Debug|Any CPU.Build.0 = Debug|Any CPU
		{0EA99BEE-7B77-42CC-AC3D-63F9DCF45951}.Debug|Mixed Platforms.ActiveCfg = Debug|Any CPU
		{0EA99BEE-7B77-42CC-AC3D-63F9DCF45951}.Debug|Mixed Platforms.Build.0 = Debug|Any CPU
		{0EA99BEE-7B77-42CC-AC3D-63F9DCF45951}.Debug|Win32.ActiveCfg = Debug|Any CPU
		{0EA99BEE-7B77-42CC-AC3D-63F9DCF45951}.Debug|Win32.Build.0 = Debug|Any CPU
		{0EA99BEE-7B77-42CC-AC3D-63F9DCF45951}.Debug|x86.ActiveCfg = Debug|Any CPU
		{0EA99BEE-7B77-42CC-AC3D-63F9DCF45951}.Debug|x86.Build.0 = Debug|Any CPU
		{0EA99BEE-7B77-42CC-AC3D-63F9DCF45951}.Release|Any CPU.ActiveCfg = Release|Any CPU
		{0EA99BEE-7B77-42CC-AC3D-63F9DCF45951}.Release|Any CPU.Build.0 = Release|Any CPU
		{0EA99BEE-7B77-42CC-AC3D-63F9DCF45951}.Release|Mixed Platforms.ActiveCfg = Release|Any CPU
		{0EA99BEE-7B77-42CC-AC3D-63F9DCF45951}.Release|Mixed Platforms.Build.0 = Release|Any CPU
		{0EA99BEE-7B77-42CC-AC3D-63F9DCF45951}.Release|Win32.ActiveCfg = Release|Any CPU
		{0EA99BEE-7B77-42CC-AC3D-63F9DCF45951}.Release|Win32.Build.0 = Release|Any CPU
		{0EA99BEE-7B77-42CC-AC3D-63F9DCF45951}.Release|x86.ActiveCfg = Release|Any CPU
		{0EA99BEE-7B77-42CC-AC3D-63F9DCF45951}.Release|x86.Build.0 = Release|Any CPU
		{3ACFFC77-0130-413F-AE4C-99CF0FE08A4D}.Debug|Any CPU.ActiveCfg = Debug|Any CPU
		{3ACFFC77-0130-413F-AE4C-99CF0FE08A4D}.Debug|Any CPU.Build.0 = Debug|Any CPU
		{3ACFFC77-0130-413F-AE4C-99CF0FE08A4D}.Debug|Mixed Platforms.ActiveCfg = Debug|Any CPU
		{3ACFFC77-0130-413F-AE4C-99CF0FE08A4D}.Debug|Mixed Platforms.Build.0 = Debug|Any CPU
		{3ACFFC77-0130-413F-AE4C-99CF0FE08A4D}.Debug|Win32.ActiveCfg = Debug|Any CPU
		{3ACFFC77-0130-413F-AE4C-99CF0FE08A4D}.Debug|Win32.Build.0 = Debug|Any CPU
		{3ACFFC77-0130-413F-AE4C-99CF0FE08A4D}.Debug|x86.ActiveCfg = Debug|Any CPU
		{3ACFFC77-0130-413F-AE4C-99CF0FE08A4D}.Debug|x86.Build.0 = Debug|Any CPU
		{3ACFFC77-0130-413F-AE4C-99CF0FE08A4D}.Release|Any CPU.ActiveCfg = Release|Any CPU
		{3ACFFC77-0130-413F-AE4C-99CF0FE08A4D}.Release|Any CPU.Build.0 = Release|Any CPU
		{3ACFFC77-0130-413F-AE4C-99CF0FE08A4D}.Release|Mixed Platforms.ActiveCfg = Release|Any CPU
		{3ACFFC77-0130-413F-AE4C-99CF0FE08A4D}.Release|Mixed Platforms.Build.0 = Release|Any CPU
		{3ACFFC77-0130-413F-AE4C-99CF0FE08A4D}.Release|Win32.ActiveCfg = Release|Any CPU
		{3ACFFC77-0130-413F-AE4C-99CF0FE08A4D}.Release|Win32.Build.0 = Release|Any CPU
		{3ACFFC77-0130-413F-AE4C-99CF0FE08A4D}.Release|x86.ActiveCfg = Release|Any CPU
		{3ACFFC77-0130-413F-AE4C-99CF0FE08A4D}.Release|x86.Build.0 = Release|Any CPU
		{00D18EAF-E492-4C0D-B442-9644A1A3CB3A}.Debug|Any CPU.ActiveCfg = Debug|x86
		{00D18EAF-E492-4C0D-B442-9644A1A3CB3A}.Debug|Mixed Platforms.ActiveCfg = Debug|x86
		{00D18EAF-E492-4C0D-B442-9644A1A3CB3A}.Debug|Mixed Platforms.Build.0 = Debug|x86
		{00D18EAF-E492-4C0D-B442-9644A1A3CB3A}.Debug|Win32.ActiveCfg = Debug|x86
		{00D18EAF-E492-4C0D-B442-9644A1A3CB3A}.Debug|Win32.Build.0 = Debug|x86
		{00D18EAF-E492-4C0D-B442-9644A1A3CB3A}.Debug|x86.ActiveCfg = Debug|x86
		{00D18EAF-E492-4C0D-B442-9644A1A3CB3A}.Debug|x86.Build.0 = Debug|x86
		{00D18EAF-E492-4C0D-B442-9644A1A3CB3A}.Release|Any CPU.ActiveCfg = Release|x86
		{00D18EAF-E492-4C0D-B442-9644A1A3CB3A}.Release|Mixed Platforms.ActiveCfg = Release|x86
		{00D18EAF-E492-4C0D-B442-9644A1A3CB3A}.Release|Mixed Platforms.Build.0 = Release|x86
		{00D18EAF-E492-4C0D-B442-9644A1A3CB3A}.Release|Win32.ActiveCfg = Release|x86
		{00D18EAF-E492-4C0D-B442-9644A1A3CB3A}.Release|Win32.Build.0 = Release|x86
		{00D18EAF-E492-4C0D-B442-9644A1A3CB3A}.Release|x86.ActiveCfg = Release|x86
		{00D18EAF-E492-4C0D-B442-9644A1A3CB3A}.Release|x86.Build.0 = Release|x86
		{7A7D0E13-A930-40C9-A83C-A6D5AAE06549}.Debug|Any CPU.ActiveCfg = Debug|Any CPU
		{7A7D0E13-A930-40C9-A83C-A6D5AAE06549}.Debug|Any CPU.Build.0 = Debug|Any CPU
		{7A7D0E13-A930-40C9-A83C-A6D5AAE06549}.Debug|Mixed Platforms.ActiveCfg = Debug|Any CPU
		{7A7D0E13-A930-40C9-A83C-A6D5AAE06549}.Debug|Mixed Platforms.Build.0 = Debug|Any CPU
		{7A7D0E13-A930-40C9-A83C-A6D5AAE06549}.Debug|Win32.ActiveCfg = Debug|Any CPU
		{7A7D0E13-A930-40C9-A83C-A6D5AAE06549}.Debug|Win32.Build.0 = Debug|Any CPU
		{7A7D0E13-A930-40C9-A83C-A6D5AAE06549}.Debug|x86.ActiveCfg = Debug|Any CPU
		{7A7D0E13-A930-40C9-A83C-A6D5AAE06549}.Debug|x86.Build.0 = Debug|Any CPU
		{7A7D0E13-A930-40C9-A83C-A6D5AAE06549}.Release|Any CPU.ActiveCfg = Release|Any CPU
		{7A7D0E13-A930-40C9-A83C-A6D5AAE06549}.Release|Any CPU.Build.0 = Release|Any CPU
		{7A7D0E13-A930-40C9-A83C-A6D5AAE06549}.Release|Mixed Platforms.ActiveCfg = Release|Any CPU
		{7A7D0E13-A930-40C9-A83C-A6D5AAE06549}.Release|Mixed Platforms.Build.0 = Release|Any CPU
		{7A7D0E13-A930-40C9-A83C-A6D5AAE06549}.Release|Win32.ActiveCfg = Release|Any CPU
		{7A7D0E13-A930-40C9-A83C-A6D5AAE06549}.Release|Win32.Build.0 = Release|Any CPU
		{7A7D0E13-A930-40C9-A83C-A6D5AAE06549}.Release|x86.ActiveCfg = Release|Any CPU
		{7A7D0E13-A930-40C9-A83C-A6D5AAE06549}.Release|x86.Build.0 = Release|Any CPU
		{15BA9FE6-7D25-455D-8922-63C9657635A4}.Debug|Any CPU.ActiveCfg = Debug|Any CPU
		{15BA9FE6-7D25-455D-8922-63C9657635A4}.Debug|Any CPU.Build.0 = Debug|Any CPU
		{15BA9FE6-7D25-455D-8922-63C9657635A4}.Debug|Mixed Platforms.ActiveCfg = Debug|Any CPU
		{15BA9FE6-7D25-455D-8922-63C9657635A4}.Debug|Mixed Platforms.Build.0 = Debug|Any CPU
		{15BA9FE6-7D25-455D-8922-63C9657635A4}.Debug|Win32.ActiveCfg = Debug|Any CPU
		{15BA9FE6-7D25-455D-8922-63C9657635A4}.Debug|Win32.Build.0 = Debug|Any CPU
		{15BA9FE6-7D25-455D-8922-63C9657635A4}.Debug|x86.ActiveCfg = Debug|Any CPU
		{15BA9FE6-7D25-455D-8922-63C9657635A4}.Debug|x86.Build.0 = Debug|Any CPU
		{15BA9FE6-7D25-455D-8922-63C9657635A4}.Release|Any CPU.ActiveCfg = Release|Any CPU
		{15BA9FE6-7D25-455D-8922-63C9657635A4}.Release|Any CPU.Build.0 = Release|Any CPU
		{15BA9FE6-7D25-455D-8922-63C9657635A4}.Release|Mixed Platforms.ActiveCfg = Release|Any CPU
		{15BA9FE6-7D25-455D-8922-63C9657635A4}.Release|Mixed Platforms.Build.0 = Release|Any CPU
		{15BA9FE6-7D25-455D-8922-63C9657635A4}.Release|Win32.ActiveCfg = Release|Any CPU
		{15BA9FE6-7D25-455D-8922-63C9657635A4}.Release|Win32.Build.0 = Release|Any CPU
		{15BA9FE6-7D25-455D-8922-63C9657635A4}.Release|x86.ActiveCfg = Release|Any CPU
		{15BA9FE6-7D25-455D-8922-63C9657635A4}.Release|x86.Build.0 = Release|Any CPU
		{88AD4B9E-5EEF-4743-B75E-0FECA7C9AE10}.Debug|Any CPU.ActiveCfg = Debug|Any CPU
		{88AD4B9E-5EEF-4743-B75E-0FECA7C9AE10}.Debug|Any CPU.Build.0 = Debug|Any CPU
		{88AD4B9E-5EEF-4743-B75E-0FECA7C9AE10}.Debug|Mixed Platforms.ActiveCfg = Debug|Any CPU
		{88AD4B9E-5EEF-4743-B75E-0FECA7C9AE10}.Debug|Mixed Platforms.Build.0 = Debug|Any CPU
		{88AD4B9E-5EEF-4743-B75E-0FECA7C9AE10}.Debug|Win32.ActiveCfg = Debug|Any CPU
		{88AD4B9E-5EEF-4743-B75E-0FECA7C9AE10}.Debug|Win32.Build.0 = Debug|Any CPU
		{88AD4B9E-5EEF-4743-B75E-0FECA7C9AE10}.Debug|x86.ActiveCfg = Debug|Any CPU
		{88AD4B9E-5EEF-4743-B75E-0FECA7C9AE10}.Debug|x86.Build.0 = Debug|Any CPU
		{88AD4B9E-5EEF-4743-B75E-0FECA7C9AE10}.Release|Any CPU.ActiveCfg = Release|Any CPU
		{88AD4B9E-5EEF-4743-B75E-0FECA7C9AE10}.Release|Any CPU.Build.0 = Release|Any CPU
		{88AD4B9E-5EEF-4743-B75E-0FECA7C9AE10}.Release|Mixed Platforms.ActiveCfg = Release|Any CPU
		{88AD4B9E-5EEF-4743-B75E-0FECA7C9AE10}.Release|Mixed Platforms.Build.0 = Release|Any CPU
		{88AD4B9E-5EEF-4743-B75E-0FECA7C9AE10}.Release|Win32.ActiveCfg = Release|Any CPU
		{88AD4B9E-5EEF-4743-B75E-0FECA7C9AE10}.Release|Win32.Build.0 = Release|Any CPU
		{88AD4B9E-5EEF-4743-B75E-0FECA7C9AE10}.Release|x86.ActiveCfg = Release|Any CPU
		{88AD4B9E-5EEF-4743-B75E-0FECA7C9AE10}.Release|x86.Build.0 = Release|Any CPU
		{B4A4F835-7A6C-4D6B-8215-3F85EE1B9DA8}.Debug|Any CPU.ActiveCfg = Debug|Any CPU
		{B4A4F835-7A6C-4D6B-8215-3F85EE1B9DA8}.Debug|Any CPU.Build.0 = Debug|Any CPU
		{B4A4F835-7A6C-4D6B-8215-3F85EE1B9DA8}.Debug|Mixed Platforms.ActiveCfg = Debug|Any CPU
		{B4A4F835-7A6C-4D6B-8215-3F85EE1B9DA8}.Debug|Mixed Platforms.Build.0 = Debug|Any CPU
		{B4A4F835-7A6C-4D6B-8215-3F85EE1B9DA8}.Debug|Win32.ActiveCfg = Debug|Any CPU
		{B4A4F835-7A6C-4D6B-8215-3F85EE1B9DA8}.Debug|Win32.Build.0 = Debug|Any CPU
		{B4A4F835-7A6C-4D6B-8215-3F85EE1B9DA8}.Debug|x86.ActiveCfg = Debug|Any CPU
		{B4A4F835-7A6C-4D6B-8215-3F85EE1B9DA8}.Debug|x86.Build.0 = Debug|Any CPU
		{B4A4F835-7A6C-4D6B-8215-3F85EE1B9DA8}.Release|Any CPU.ActiveCfg = Release|Any CPU
		{B4A4F835-7A6C-4D6B-8215-3F85EE1B9DA8}.Release|Any CPU.Build.0 = Release|Any CPU
		{B4A4F835-7A6C-4D6B-8215-3F85EE1B9DA8}.Release|Mixed Platforms.ActiveCfg = Release|Any CPU
		{B4A4F835-7A6C-4D6B-8215-3F85EE1B9DA8}.Release|Mixed Platforms.Build.0 = Release|Any CPU
		{B4A4F835-7A6C-4D6B-8215-3F85EE1B9DA8}.Release|Win32.ActiveCfg = Release|Any CPU
		{B4A4F835-7A6C-4D6B-8215-3F85EE1B9DA8}.Release|Win32.Build.0 = Release|Any CPU
		{B4A4F835-7A6C-4D6B-8215-3F85EE1B9DA8}.Release|x86.ActiveCfg = Release|Any CPU
		{B4A4F835-7A6C-4D6B-8215-3F85EE1B9DA8}.Release|x86.Build.0 = Release|Any CPU
	EndGlobalSection
	GlobalSection(SolutionProperties) = preSolution
		HideSolutionNode = FALSE
	EndGlobalSection
	GlobalSection(ExtensibilityGlobals) = postSolution
		SolutionGuid = {E401DF90-96C5-4BFE-B94B-E208930B55E7}
	EndGlobalSection
EndGlobal
